schema: '2.0'
stages:
  prepare:
    cmd: python .\src\prepare.py
    deps:
    - path: .\data\raw\
      hash: md5
      md5: 7622ea83c494c951a429a7a0e57db69b.dir
      size: 107794480
      nfiles: 13402
    - path: .\src\prepare.py
      hash: md5
      md5: 736cde93d725572b4d7fa133274de9ed
      size: 1271
    outs:
    - path: .\data\prepared\test.csv
      hash: md5
      md5: 59e77dafbf1ce546bd6a65f789437e21
      size: 67547
    - path: .\data\prepared\train.csv
      hash: md5
      md5: 53f113fa070490f8160f798874973f7d
      size: 168506
  train:
    cmd: python src/train.py
    deps:
    - path: data/prepared/train.csv
      hash: md5
      md5: 53f113fa070490f8160f798874973f7d
      size: 168506
    - path: src/train.py
      hash: md5
      md5: aed236f6e83234b8ce8dccb8e4f281e3
      size: 1372
    outs:
    - path: model/model.joblib
      hash: md5
      md5: e9ae7b0aa65c46e06704048581e8dbdf
      size: 1835577
  evaluate:
    cmd: python src/evaluate.py
    deps:
    - path: model/model.joblib
      hash: md5
      md5: e9ae7b0aa65c46e06704048581e8dbdf
      size: 1835577
    - path: src/evaluate.py
      hash: md5
      md5: 430664f3bf2711114ceb51a434071c7d
      size: 668
    outs:
    - path: metrics/accuracy.json
      hash: md5
      md5: 760e9c438efaf737b118d12344d27a90
      size: 32
